
Microsoft Visual Studio Solution File, Format Version 12.00
# Visual Studio Version 17
VisualStudioVersion = 17.9.34728.123
MinimumVisualStudioVersion = 10.0.40219.1
Project("{FAE04EC0-301F-11D3-BF4B-00C04F79EFBC}") = "CustomVigenereCypher", "CustomVigenereCypher\CustomVigenereCypher.csproj", "{3118ECDC-EB66-457F-9F98-45DEDD0E601D}"
EndProject
Global
	GlobalSection(SolutionConfigurationPlatforms) = preSolution
		Debug|Any CPU = Debug|Any CPU
		Release|Any CPU = Release|Any CPU
	EndGlobalSection
	GlobalSection(ProjectConfigurationPlatforms) = postSolution
		{3118ECDC-EB66-457F-9F98-45DEDD0E601D}.Debug|Any CPU.ActiveCfg = Debug|Any CPU
		{3118ECDC-EB66-457F-9F98-45DEDD0E601D}.Debug|Any CPU.Build.0 = Debug|Any CPU
		{3118ECDC-EB66-457F-9F98-45DEDD0E601D}.Release|Any CPU.ActiveCfg = Release|Any CPU
		{3118ECDC-EB66-457F-9F98-45DEDD0E601D}.Release|Any CPU.Build.0 = Release|Any CPU
	EndGlobalSection
	GlobalSection(SolutionProperties) = preSolution
		HideSolutionNode = FALSE
	EndGlobalSection
	GlobalSection(ExtensibilityGlobals) = postSolution
		SolutionGuid = {7FA31FA6-21B4-4D03-8ABD-6F0572EEB666}
	EndGlobalSection
EndGlobal
